
Microsoft Visual Studio Solution File, Format Version 12.00
# Visual Studio Version 17
VisualStudioVersion = 17.7.34221.43
MinimumVisualStudioVersion = 10.0.40219.1
Project("{9A19103F-16F7-4668-BE54-9A1E7A4F7556}") = "DataAccess", "DataAccess\DataAccess.csproj", "{1DF92395-28BF-4B86-9CC1-CD1642F077D7}"
EndProject
Project("{9A19103F-16F7-4668-BE54-9A1E7A4F7556}") = "Business", "Business\Business.csproj", "{A85A33ED-7356-4B4E-A400-1BA1ABDD1C3E}"
EndProject
Project("{9A19103F-16F7-4668-BE54-9A1E7A4F7556}") = "Entities", "Entities\Entities.csproj", "{852B966C-B679-471A-A47B-C499FC089EAD}"
EndProject
Project("{9A19103F-16F7-4668-BE54-9A1E7A4F7556}") = "ConsoleUI", "ConsoleApp1\ConsoleUI.csproj", "{2F40AAB0-EECF-498E-80AC-34D741A2A3AC}"
EndProject
Project("{9A19103F-16F7-4668-BE54-9A1E7A4F7556}") = "Core", "Core\Core.csproj", "{F2229ABD-29BC-4521-9317-6771AA9C47AE}"
EndProject
Project("{FAE04EC0-301F-11D3-BF4B-00C04F79EFBC}") = "WebAPI", "WebAPI\WebAPI.csproj", "{B653A6E5-C3E8-49B3-9D80-7B553BC4966F}"
EndProject
Global
	GlobalSection(SolutionConfigurationPlatforms) = preSolution
		Debug|Any CPU = Debug|Any CPU
		Release|Any CPU = Release|Any CPU
	EndGlobalSection
	GlobalSection(ProjectConfigurationPlatforms) = postSolution
		{1DF92395-28BF-4B86-9CC1-CD1642F077D7}.Debug|Any CPU.ActiveCfg = Debug|Any CPU
		{1DF92395-28BF-4B86-9CC1-CD1642F077D7}.Debug|Any CPU.Build.0 = Debug|Any CPU
		{1DF92395-28BF-4B86-9CC1-CD1642F077D7}.Release|Any CPU.ActiveCfg = Release|Any CPU
		{1DF92395-28BF-4B86-9CC1-CD1642F077D7}.Release|Any CPU.Build.0 = Release|Any CPU
		{A85A33ED-7356-4B4E-A400-1BA1ABDD1C3E}.Debug|Any CPU.ActiveCfg = Debug|Any CPU
		{A85A33ED-7356-4B4E-A400-1BA1ABDD1C3E}.Debug|Any CPU.Build.0 = Debug|Any CPU
		{A85A33ED-7356-4B4E-A400-1BA1ABDD1C3E}.Release|Any CPU.ActiveCfg = Release|Any CPU
		{A85A33ED-7356-4B4E-A400-1BA1ABDD1C3E}.Release|Any CPU.Build.0 = Release|Any CPU
		{852B966C-B679-471A-A47B-C499FC089EAD}.Debug|Any CPU.ActiveCfg = Debug|Any CPU
		{852B966C-B679-471A-A47B-C499FC089EAD}.Debug|Any CPU.Build.0 = Debug|Any CPU
		{852B966C-B679-471A-A47B-C499FC089EAD}.Release|Any CPU.ActiveCfg = Release|Any CPU
		{852B966C-B679-471A-A47B-C499FC089EAD}.Release|Any CPU.Build.0 = Release|Any CPU
		{2F40AAB0-EECF-498E-80AC-34D741A2A3AC}.Debug|Any CPU.ActiveCfg = Debug|Any CPU
		{2F40AAB0-EECF-498E-80AC-34D741A2A3AC}.Debug|Any CPU.Build.0 = Debug|Any CPU
		{2F40AAB0-EECF-498E-80AC-34D741A2A3AC}.Release|Any CPU.ActiveCfg = Release|Any CPU
		{2F40AAB0-EECF-498E-80AC-34D741A2A3AC}.Release|Any CPU.Build.0 = Release|Any CPU
		{F2229ABD-29BC-4521-9317-6771AA9C47AE}.Debug|Any CPU.ActiveCfg = Debug|Any CPU
		{F2229ABD-29BC-4521-9317-6771AA9C47AE}.Debug|Any CPU.Build.0 = Debug|Any CPU
		{F2229ABD-29BC-4521-9317-6771AA9C47AE}.Release|Any CPU.ActiveCfg = Release|Any CPU
		{F2229ABD-29BC-4521-9317-6771AA9C47AE}.Release|Any CPU.Build.0 = Release|Any CPU
		{B653A6E5-C3E8-49B3-9D80-7B553BC4966F}.Debug|Any CPU.ActiveCfg = Debug|Any CPU
		{B653A6E5-C3E8-49B3-9D80-7B553BC4966F}.Debug|Any CPU.Build.0 = Debug|Any CPU
		{B653A6E5-C3E8-49B3-9D80-7B553BC4966F}.Release|Any CPU.ActiveCfg = Release|Any CPU
		{B653A6E5-C3E8-49B3-9D80-7B553BC4966F}.Release|Any CPU.Build.0 = Release|Any CPU
	EndGlobalSection
	GlobalSection(SolutionProperties) = preSolution
		HideSolutionNode = FALSE
	EndGlobalSection
	GlobalSection(ExtensibilityGlobals) = postSolution
		SolutionGuid = {422CF780-8330-49B1-9406-3D733E1DBE03}
	EndGlobalSection
EndGlobal
